
Microsoft Visual Studio Solution File, Format Version 12.00
Project("{FAE04EC0-301F-11D3-BF4B-00C04F79EFBC}") = "Level28", "Level28\Level28.csproj", "{74D21EE1-F142-4B38-8438-6D9CB74FA2AF}"
EndProject
Project("{FAE04EC0-301F-11D3-BF4B-00C04F79EFBC}") = "RoomCoordinates", "RoomCoordinates\RoomCoordinates.csproj", "{796DB42D-E0ED-48F7-A641-41E2E66A24E6}"
EndProject
Global
	GlobalSection(SolutionConfigurationPlatforms) = preSolution
		Debug|Any CPU = Debug|Any CPU
		Release|Any CPU = Release|Any CPU
	EndGlobalSection
	GlobalSection(ProjectConfigurationPlatforms) = postSolution
		{74D21EE1-F142-4B38-8438-6D9CB74FA2AF}.Debug|Any CPU.ActiveCfg = Debug|Any CPU
		{74D21EE1-F142-4B38-8438-6D9CB74FA2AF}.Debug|Any CPU.Build.0 = Debug|Any CPU
		{74D21EE1-F142-4B38-8438-6D9CB74FA2AF}.Release|Any CPU.ActiveCfg = Release|Any CPU
		{74D21EE1-F142-4B38-8438-6D9CB74FA2AF}.Release|Any CPU.Build.0 = Release|Any CPU
		{796DB42D-E0ED-48F7-A641-41E2E66A24E6}.Debug|Any CPU.ActiveCfg = Debug|Any CPU
		{796DB42D-E0ED-48F7-A641-41E2E66A24E6}.Debug|Any CPU.Build.0 = Debug|Any CPU
		{796DB42D-E0ED-48F7-A641-41E2E66A24E6}.Release|Any CPU.ActiveCfg = Release|Any CPU
		{796DB42D-E0ED-48F7-A641-41E2E66A24E6}.Release|Any CPU.Build.0 = Release|Any CPU
	EndGlobalSection
EndGlobal
