
Microsoft Visual Studio Solution File, Format Version 12.00
# Visual Studio Version 17
VisualStudioVersion = 17.7.34202.233
MinimumVisualStudioVersion = 10.0.40219.1
Project("{FAE04EC0-301F-11D3-BF4B-00C04F79EFBC}") = "Level44", "Level44\Level44.csproj", "{1E50BBB1-D56E-4660-A91B-05F2E36B6D24}"
EndProject
Global
	GlobalSection(SolutionConfigurationPlatforms) = preSolution
		Debug|Any CPU = Debug|Any CPU
		Release|Any CPU = Release|Any CPU
	EndGlobalSection
	GlobalSection(ProjectConfigurationPlatforms) = postSolution
		{1E50BBB1-D56E-4660-A91B-05F2E36B6D24}.Debug|Any CPU.ActiveCfg = Debug|Any CPU
		{1E50BBB1-D56E-4660-A91B-05F2E36B6D24}.Debug|Any CPU.Build.0 = Debug|Any CPU
		{1E50BBB1-D56E-4660-A91B-05F2E36B6D24}.Release|Any CPU.ActiveCfg = Release|Any CPU
		{1E50BBB1-D56E-4660-A91B-05F2E36B6D24}.Release|Any CPU.Build.0 = Release|Any CPU
	EndGlobalSection
	GlobalSection(SolutionProperties) = preSolution
		HideSolutionNode = FALSE
	EndGlobalSection
	GlobalSection(ExtensibilityGlobals) = postSolution
		SolutionGuid = {608EE59B-2057-480C-A8B6-1AE616E41E13}
	EndGlobalSection
EndGlobal
