
Microsoft Visual Studio Solution File, Format Version 12.00
# Visual Studio Version 17
VisualStudioVersion = 17.7.34031.279
MinimumVisualStudioVersion = 10.0.40219.1
Project("{9A19103F-16F7-4668-BE54-9A1E7A4F7556}") = "Level39", "Level39\Level39.csproj", "{6167C038-80DC-4B66-9B5F-2AA112744BB1}"
EndProject
Project("{FAE04EC0-301F-11D3-BF4B-00C04F79EFBC}") = "TheLongGame", "TheLongGame\TheLongGame.csproj", "{51593EC1-11CE-45AA-B64C-636DC00E14C2}"
EndProject
Global
	GlobalSection(SolutionConfigurationPlatforms) = preSolution
		Debug|Any CPU = Debug|Any CPU
		Release|Any CPU = Release|Any CPU
	EndGlobalSection
	GlobalSection(ProjectConfigurationPlatforms) = postSolution
		{6167C038-80DC-4B66-9B5F-2AA112744BB1}.Debug|Any CPU.ActiveCfg = Debug|Any CPU
		{6167C038-80DC-4B66-9B5F-2AA112744BB1}.Debug|Any CPU.Build.0 = Debug|Any CPU
		{6167C038-80DC-4B66-9B5F-2AA112744BB1}.Release|Any CPU.ActiveCfg = Release|Any CPU
		{6167C038-80DC-4B66-9B5F-2AA112744BB1}.Release|Any CPU.Build.0 = Release|Any CPU
		{51593EC1-11CE-45AA-B64C-636DC00E14C2}.Debug|Any CPU.ActiveCfg = Debug|Any CPU
		{51593EC1-11CE-45AA-B64C-636DC00E14C2}.Debug|Any CPU.Build.0 = Debug|Any CPU
		{51593EC1-11CE-45AA-B64C-636DC00E14C2}.Release|Any CPU.ActiveCfg = Release|Any CPU
		{51593EC1-11CE-45AA-B64C-636DC00E14C2}.Release|Any CPU.Build.0 = Release|Any CPU
	EndGlobalSection
	GlobalSection(SolutionProperties) = preSolution
		HideSolutionNode = FALSE
	EndGlobalSection
	GlobalSection(ExtensibilityGlobals) = postSolution
		SolutionGuid = {45D814F8-3279-43B7-83C5-917B3D91B07A}
	EndGlobalSection
EndGlobal
