
Microsoft Visual Studio Solution File, Format Version 12.00
# Visual Studio Version 17
VisualStudioVersion = 17.8.34112.27
MinimumVisualStudioVersion = 10.0.40219.1
Project("{FAE04EC0-301F-11D3-BF4B-00C04F79EFBC}") = "Level36", "Level36\Level36.csproj", "{0887E9D1-515D-496C-BE67-9C41EADB18EA}"
EndProject
Global
	GlobalSection(SolutionConfigurationPlatforms) = preSolution
		Debug|Any CPU = Debug|Any CPU
		Release|Any CPU = Release|Any CPU
	EndGlobalSection
	GlobalSection(ProjectConfigurationPlatforms) = postSolution
		{0887E9D1-515D-496C-BE67-9C41EADB18EA}.Debug|Any CPU.ActiveCfg = Debug|Any CPU
		{0887E9D1-515D-496C-BE67-9C41EADB18EA}.Debug|Any CPU.Build.0 = Debug|Any CPU
		{0887E9D1-515D-496C-BE67-9C41EADB18EA}.Release|Any CPU.ActiveCfg = Release|Any CPU
		{0887E9D1-515D-496C-BE67-9C41EADB18EA}.Release|Any CPU.Build.0 = Release|Any CPU
	EndGlobalSection
	GlobalSection(SolutionProperties) = preSolution
		HideSolutionNode = FALSE
	EndGlobalSection
	GlobalSection(ExtensibilityGlobals) = postSolution
		SolutionGuid = {66155212-6E46-42EE-99D0-201D20302EE2}
	EndGlobalSection
EndGlobal
