
Microsoft Visual Studio Solution File, Format Version 12.00
Project("{FAE04EC0-301F-11D3-BF4B-00C04F79EFBC}") = "Examples", "Examples\Examples.csproj", "{DDB74521-8541-4C9D-B7A1-1708ECB78CA5}"
EndProject
Project("{FAE04EC0-301F-11D3-BF4B-00C04F79EFBC}") = "SimulasSoup", "SimulasSoup\SimulasSoup.csproj", "{052A99DD-DB24-48FC-A239-3AAD5F942014}"
EndProject
Global
	GlobalSection(SolutionConfigurationPlatforms) = preSolution
		Debug|Any CPU = Debug|Any CPU
		Release|Any CPU = Release|Any CPU
	EndGlobalSection
	GlobalSection(ProjectConfigurationPlatforms) = postSolution
		{DDB74521-8541-4C9D-B7A1-1708ECB78CA5}.Debug|Any CPU.ActiveCfg = Debug|Any CPU
		{DDB74521-8541-4C9D-B7A1-1708ECB78CA5}.Debug|Any CPU.Build.0 = Debug|Any CPU
		{DDB74521-8541-4C9D-B7A1-1708ECB78CA5}.Release|Any CPU.ActiveCfg = Release|Any CPU
		{DDB74521-8541-4C9D-B7A1-1708ECB78CA5}.Release|Any CPU.Build.0 = Release|Any CPU
		{052A99DD-DB24-48FC-A239-3AAD5F942014}.Debug|Any CPU.ActiveCfg = Debug|Any CPU
		{052A99DD-DB24-48FC-A239-3AAD5F942014}.Debug|Any CPU.Build.0 = Debug|Any CPU
		{052A99DD-DB24-48FC-A239-3AAD5F942014}.Release|Any CPU.ActiveCfg = Release|Any CPU
		{052A99DD-DB24-48FC-A239-3AAD5F942014}.Release|Any CPU.Build.0 = Release|Any CPU
	EndGlobalSection
EndGlobal
