
Microsoft Visual Studio Solution File, Format Version 12.00
# Visual Studio Version 17
VisualStudioVersion = 17.7.34031.279
MinimumVisualStudioVersion = 10.0.40219.1
Project("{9A19103F-16F7-4668-BE54-9A1E7A4F7556}") = "Level41", "Level41\Level41.csproj", "{865745B2-9930-42DF-950A-48F99D735D2D}"
EndProject
Project("{FAE04EC0-301F-11D3-BF4B-00C04F79EFBC}") = "NavigatingOperandCity", "NavigatingOperandCity\NavigatingOperandCity.csproj", "{96874CF0-71F2-4D64-A84F-6B4D99FE9243}"
EndProject
Global
	GlobalSection(SolutionConfigurationPlatforms) = preSolution
		Debug|Any CPU = Debug|Any CPU
		Release|Any CPU = Release|Any CPU
	EndGlobalSection
	GlobalSection(ProjectConfigurationPlatforms) = postSolution
		{865745B2-9930-42DF-950A-48F99D735D2D}.Debug|Any CPU.ActiveCfg = Debug|Any CPU
		{865745B2-9930-42DF-950A-48F99D735D2D}.Debug|Any CPU.Build.0 = Debug|Any CPU
		{865745B2-9930-42DF-950A-48F99D735D2D}.Release|Any CPU.ActiveCfg = Release|Any CPU
		{865745B2-9930-42DF-950A-48F99D735D2D}.Release|Any CPU.Build.0 = Release|Any CPU
		{96874CF0-71F2-4D64-A84F-6B4D99FE9243}.Debug|Any CPU.ActiveCfg = Debug|Any CPU
		{96874CF0-71F2-4D64-A84F-6B4D99FE9243}.Debug|Any CPU.Build.0 = Debug|Any CPU
		{96874CF0-71F2-4D64-A84F-6B4D99FE9243}.Release|Any CPU.ActiveCfg = Release|Any CPU
		{96874CF0-71F2-4D64-A84F-6B4D99FE9243}.Release|Any CPU.Build.0 = Release|Any CPU
	EndGlobalSection
	GlobalSection(SolutionProperties) = preSolution
		HideSolutionNode = FALSE
	EndGlobalSection
	GlobalSection(ExtensibilityGlobals) = postSolution
		SolutionGuid = {D187E00C-63E7-4C02-8CE5-63D870BAEB99}
	EndGlobalSection
EndGlobal
