
Microsoft Visual Studio Solution File, Format Version 12.00
Project("{FAE04EC0-301F-11D3-BF4B-00C04F79EFBC}") = "Level25", "Level25\Level25.csproj", "{4FA77C4A-77B6-4AA7-8C36-C73CEA71826E}"
EndProject
Project("{FAE04EC0-301F-11D3-BF4B-00C04F79EFBC}") = "PackingInventory", "PackingInventory\PackingInventory.csproj", "{CDCB1F64-8221-4672-A268-F1020A81052B}"
EndProject
Global
	GlobalSection(SolutionConfigurationPlatforms) = preSolution
		Debug|Any CPU = Debug|Any CPU
		Release|Any CPU = Release|Any CPU
	EndGlobalSection
	GlobalSection(ProjectConfigurationPlatforms) = postSolution
		{4FA77C4A-77B6-4AA7-8C36-C73CEA71826E}.Debug|Any CPU.ActiveCfg = Debug|Any CPU
		{4FA77C4A-77B6-4AA7-8C36-C73CEA71826E}.Debug|Any CPU.Build.0 = Debug|Any CPU
		{4FA77C4A-77B6-4AA7-8C36-C73CEA71826E}.Release|Any CPU.ActiveCfg = Release|Any CPU
		{4FA77C4A-77B6-4AA7-8C36-C73CEA71826E}.Release|Any CPU.Build.0 = Release|Any CPU
		{CDCB1F64-8221-4672-A268-F1020A81052B}.Debug|Any CPU.ActiveCfg = Debug|Any CPU
		{CDCB1F64-8221-4672-A268-F1020A81052B}.Debug|Any CPU.Build.0 = Debug|Any CPU
		{CDCB1F64-8221-4672-A268-F1020A81052B}.Release|Any CPU.ActiveCfg = Release|Any CPU
		{CDCB1F64-8221-4672-A268-F1020A81052B}.Release|Any CPU.Build.0 = Release|Any CPU
	EndGlobalSection
EndGlobal
