
Microsoft Visual Studio Solution File, Format Version 12.00
# Visual Studio Version 17
VisualStudioVersion = 17.7.34031.279
MinimumVisualStudioVersion = 10.0.40219.1
Project("{9A19103F-16F7-4668-BE54-9A1E7A4F7556}") = "Level37", "Level37\Level37.csproj", "{9EBFAFF7-1762-4715-AD88-BA671F3511F7}"
EndProject
Project("{FAE04EC0-301F-11D3-BF4B-00C04F79EFBC}") = "CharberryTrees", "CharberryTrees\CharberryTrees.csproj", "{7A38BFDB-BA24-4AAE-83B4-549C16C18738}"
EndProject
Global
	GlobalSection(SolutionConfigurationPlatforms) = preSolution
		Debug|Any CPU = Debug|Any CPU
		Release|Any CPU = Release|Any CPU
	EndGlobalSection
	GlobalSection(ProjectConfigurationPlatforms) = postSolution
		{9EBFAFF7-1762-4715-AD88-BA671F3511F7}.Debug|Any CPU.ActiveCfg = Debug|Any CPU
		{9EBFAFF7-1762-4715-AD88-BA671F3511F7}.Debug|Any CPU.Build.0 = Debug|Any CPU
		{9EBFAFF7-1762-4715-AD88-BA671F3511F7}.Release|Any CPU.ActiveCfg = Release|Any CPU
		{9EBFAFF7-1762-4715-AD88-BA671F3511F7}.Release|Any CPU.Build.0 = Release|Any CPU
		{7A38BFDB-BA24-4AAE-83B4-549C16C18738}.Debug|Any CPU.ActiveCfg = Debug|Any CPU
		{7A38BFDB-BA24-4AAE-83B4-549C16C18738}.Debug|Any CPU.Build.0 = Debug|Any CPU
		{7A38BFDB-BA24-4AAE-83B4-549C16C18738}.Release|Any CPU.ActiveCfg = Release|Any CPU
		{7A38BFDB-BA24-4AAE-83B4-549C16C18738}.Release|Any CPU.Build.0 = Release|Any CPU
	EndGlobalSection
	GlobalSection(SolutionProperties) = preSolution
		HideSolutionNode = FALSE
	EndGlobalSection
	GlobalSection(ExtensibilityGlobals) = postSolution
		SolutionGuid = {2DBF2D86-B237-4949-BC57-B02DB84C30CC}
	EndGlobalSection
EndGlobal
