
Microsoft Visual Studio Solution File, Format Version 12.00
Project("{FAE04EC0-301F-11D3-BF4B-00C04F79EFBC}") = "ThePoint", "ThePoint\ThePoint.csproj", "{170515D1-C35D-4E72-8969-81FC2FDA5CDC}"
EndProject
Project("{FAE04EC0-301F-11D3-BF4B-00C04F79EFBC}") = "TheColor", "TheColor\TheColor.csproj", "{EEC6FDCC-8B85-4847-9B82-9AAB13CB5DD0}"
EndProject
Project("{FAE04EC0-301F-11D3-BF4B-00C04F79EFBC}") = "TheCard", "TheCard\TheCard.csproj", "{F86AD445-F7C2-43EC-BD28-95A34AC91907}"
EndProject
Project("{FAE04EC0-301F-11D3-BF4B-00C04F79EFBC}") = "TheLockedDoor", "TheLockedDoor\TheLockedDoor.csproj", "{AD756E48-BEC5-44A7-90DB-5262BC22C136}"
EndProject
Project("{FAE04EC0-301F-11D3-BF4B-00C04F79EFBC}") = "ThePasswordValidator", "ThePasswordValidator\ThePasswordValidator.csproj", "{6C04F3A9-4E93-4E35-B589-1633619896BE}"
EndProject
Project("{FAE04EC0-301F-11D3-BF4B-00C04F79EFBC}") = "RockPaperScissors", "RockPaperScissors\RockPaperScissors.csproj", "{03DCF90F-544D-487B-A204-F989C730AD1A}"
EndProject
Project("{FAE04EC0-301F-11D3-BF4B-00C04F79EFBC}") = "FifteenPuzzle", "FifteenPuzzle\FifteenPuzzle.csproj", "{711BDC3E-04CE-4DB8-B8AF-148FFB3E2875}"
EndProject
Global
	GlobalSection(SolutionConfigurationPlatforms) = preSolution
		Debug|Any CPU = Debug|Any CPU
		Release|Any CPU = Release|Any CPU
	EndGlobalSection
	GlobalSection(ProjectConfigurationPlatforms) = postSolution
		{170515D1-C35D-4E72-8969-81FC2FDA5CDC}.Debug|Any CPU.ActiveCfg = Debug|Any CPU
		{170515D1-C35D-4E72-8969-81FC2FDA5CDC}.Debug|Any CPU.Build.0 = Debug|Any CPU
		{170515D1-C35D-4E72-8969-81FC2FDA5CDC}.Release|Any CPU.ActiveCfg = Release|Any CPU
		{170515D1-C35D-4E72-8969-81FC2FDA5CDC}.Release|Any CPU.Build.0 = Release|Any CPU
		{EEC6FDCC-8B85-4847-9B82-9AAB13CB5DD0}.Debug|Any CPU.ActiveCfg = Debug|Any CPU
		{EEC6FDCC-8B85-4847-9B82-9AAB13CB5DD0}.Debug|Any CPU.Build.0 = Debug|Any CPU
		{EEC6FDCC-8B85-4847-9B82-9AAB13CB5DD0}.Release|Any CPU.ActiveCfg = Release|Any CPU
		{EEC6FDCC-8B85-4847-9B82-9AAB13CB5DD0}.Release|Any CPU.Build.0 = Release|Any CPU
		{F86AD445-F7C2-43EC-BD28-95A34AC91907}.Debug|Any CPU.ActiveCfg = Debug|Any CPU
		{F86AD445-F7C2-43EC-BD28-95A34AC91907}.Debug|Any CPU.Build.0 = Debug|Any CPU
		{F86AD445-F7C2-43EC-BD28-95A34AC91907}.Release|Any CPU.ActiveCfg = Release|Any CPU
		{F86AD445-F7C2-43EC-BD28-95A34AC91907}.Release|Any CPU.Build.0 = Release|Any CPU
		{AD756E48-BEC5-44A7-90DB-5262BC22C136}.Debug|Any CPU.ActiveCfg = Debug|Any CPU
		{AD756E48-BEC5-44A7-90DB-5262BC22C136}.Debug|Any CPU.Build.0 = Debug|Any CPU
		{AD756E48-BEC5-44A7-90DB-5262BC22C136}.Release|Any CPU.ActiveCfg = Release|Any CPU
		{AD756E48-BEC5-44A7-90DB-5262BC22C136}.Release|Any CPU.Build.0 = Release|Any CPU
		{6C04F3A9-4E93-4E35-B589-1633619896BE}.Debug|Any CPU.ActiveCfg = Debug|Any CPU
		{6C04F3A9-4E93-4E35-B589-1633619896BE}.Debug|Any CPU.Build.0 = Debug|Any CPU
		{6C04F3A9-4E93-4E35-B589-1633619896BE}.Release|Any CPU.ActiveCfg = Release|Any CPU
		{6C04F3A9-4E93-4E35-B589-1633619896BE}.Release|Any CPU.Build.0 = Release|Any CPU
		{03DCF90F-544D-487B-A204-F989C730AD1A}.Debug|Any CPU.ActiveCfg = Debug|Any CPU
		{03DCF90F-544D-487B-A204-F989C730AD1A}.Debug|Any CPU.Build.0 = Debug|Any CPU
		{03DCF90F-544D-487B-A204-F989C730AD1A}.Release|Any CPU.ActiveCfg = Release|Any CPU
		{03DCF90F-544D-487B-A204-F989C730AD1A}.Release|Any CPU.Build.0 = Release|Any CPU
		{711BDC3E-04CE-4DB8-B8AF-148FFB3E2875}.Debug|Any CPU.ActiveCfg = Debug|Any CPU
		{711BDC3E-04CE-4DB8-B8AF-148FFB3E2875}.Debug|Any CPU.Build.0 = Debug|Any CPU
		{711BDC3E-04CE-4DB8-B8AF-148FFB3E2875}.Release|Any CPU.ActiveCfg = Release|Any CPU
		{711BDC3E-04CE-4DB8-B8AF-148FFB3E2875}.Release|Any CPU.Build.0 = Release|Any CPU
	EndGlobalSection
EndGlobal
