
Microsoft Visual Studio Solution File, Format Version 12.00
# Visual Studio Version 17
VisualStudioVersion = 17.7.34031.279
MinimumVisualStudioVersion = 10.0.40219.1
Project("{FAE04EC0-301F-11D3-BF4B-00C04F79EFBC}") = "Level35", "Level35\Level35.csproj", "{22E5DE7C-FD31-441F-8104-B8C06B110171}"
EndProject
Global
	GlobalSection(SolutionConfigurationPlatforms) = preSolution
		Debug|Any CPU = Debug|Any CPU
		Release|Any CPU = Release|Any CPU
	EndGlobalSection
	GlobalSection(ProjectConfigurationPlatforms) = postSolution
		{22E5DE7C-FD31-441F-8104-B8C06B110171}.Debug|Any CPU.ActiveCfg = Debug|Any CPU
		{22E5DE7C-FD31-441F-8104-B8C06B110171}.Debug|Any CPU.Build.0 = Debug|Any CPU
		{22E5DE7C-FD31-441F-8104-B8C06B110171}.Release|Any CPU.ActiveCfg = Release|Any CPU
		{22E5DE7C-FD31-441F-8104-B8C06B110171}.Release|Any CPU.Build.0 = Release|Any CPU
	EndGlobalSection
	GlobalSection(SolutionProperties) = preSolution
		HideSolutionNode = FALSE
	EndGlobalSection
	GlobalSection(ExtensibilityGlobals) = postSolution
		SolutionGuid = {0169164F-DF35-4442-9249-2D31EB50D50A}
	EndGlobalSection
EndGlobal
